
Microsoft Visual Studio Solution File, Format Version 12.00
# Visual Studio Version 17
VisualStudioVersion = 17.0.31903.59
MinimumVisualStudioVersion = 10.0.40219.1
Project("{2150E333-8FDC-42A3-9474-1A3956D46DE8}") = "src", "src", "{827E0CD3-B72D-47B6-A68D-7590B98EB39B}"
EndProject
Project("{FAE04EC0-301F-11D3-BF4B-00C04F79EFBC}") = "KksSceneConv", "src\KksSceneConv\KksSceneConv.csproj", "{CF1631DE-9565-4E5E-BAD8-A892B3DCF4EC}"
EndProject
Project("{2150E333-8FDC-42A3-9474-1A3956D46DE8}") = "tests", "tests", "{0AB3BF05-4346-4AA6-1389-037BE0695223}"
EndProject
Project("{FAE04EC0-301F-11D3-BF4B-00C04F79EFBC}") = "KksSceneConv.Tests", "tests\KksSceneConv.Tests\KksSceneConv.Tests.csproj", "{BD02A028-1F80-45F1-9231-26F58B88899A}"
EndProject
Global
	GlobalSection(SolutionConfigurationPlatforms) = preSolution
		Debug|Any CPU = Debug|Any CPU
		Debug|x64 = Debug|x64
		Debug|x86 = Debug|x86
		Release|Any CPU = Release|Any CPU
		Release|x64 = Release|x64
		Release|x86 = Release|x86
	EndGlobalSection
	GlobalSection(ProjectConfigurationPlatforms) = postSolution
		{CF1631DE-9565-4E5E-BAD8-A892B3DCF4EC}.Debug|Any CPU.ActiveCfg = Debug|Any CPU
		{CF1631DE-9565-4E5E-BAD8-A892B3DCF4EC}.Debug|Any CPU.Build.0 = Debug|Any CPU
		{CF1631DE-9565-4E5E-BAD8-A892B3DCF4EC}.Debug|x64.ActiveCfg = Debug|Any CPU
		{CF1631DE-9565-4E5E-BAD8-A892B3DCF4EC}.Debug|x64.Build.0 = Debug|Any CPU
		{CF1631DE-9565-4E5E-BAD8-A892B3DCF4EC}.Debug|x86.ActiveCfg = Debug|Any CPU
		{CF1631DE-9565-4E5E-BAD8-A892B3DCF4EC}.Debug|x86.Build.0 = Debug|Any CPU
		{CF1631DE-9565-4E5E-BAD8-A892B3DCF4EC}.Release|Any CPU.ActiveCfg = Release|Any CPU
		{CF1631DE-9565-4E5E-BAD8-A892B3DCF4EC}.Release|Any CPU.Build.0 = Release|Any CPU
		{CF1631DE-9565-4E5E-BAD8-A892B3DCF4EC}.Release|x64.ActiveCfg = Release|Any CPU
		{CF1631DE-9565-4E5E-BAD8-A892B3DCF4EC}.Release|x64.Build.0 = Release|Any CPU
		{CF1631DE-9565-4E5E-BAD8-A892B3DCF4EC}.Release|x86.ActiveCfg = Release|Any CPU
		{CF1631DE-9565-4E5E-BAD8-A892B3DCF4EC}.Release|x86.Build.0 = Release|Any CPU
		{BD02A028-1F80-45F1-9231-26F58B88899A}.Debug|Any CPU.ActiveCfg = Debug|Any CPU
		{BD02A028-1F80-45F1-9231-26F58B88899A}.Debug|Any CPU.Build.0 = Debug|Any CPU
		{BD02A028-1F80-45F1-9231-26F58B88899A}.Debug|x64.ActiveCfg = Debug|Any CPU
		{BD02A028-1F80-45F1-9231-26F58B88899A}.Debug|x64.Build.0 = Debug|Any CPU
		{BD02A028-1F80-45F1-9231-26F58B88899A}.Debug|x86.ActiveCfg = Debug|Any CPU
		{BD02A028-1F80-45F1-9231-26F58B88899A}.Debug|x86.Build.0 = Debug|Any CPU
		{BD02A028-1F80-45F1-9231-26F58B88899A}.Release|Any CPU.ActiveCfg = Release|Any CPU
		{BD02A028-1F80-45F1-9231-26F58B88899A}.Release|Any CPU.Build.0 = Release|Any CPU
		{BD02A028-1F80-45F1-9231-26F58B88899A}.Release|x64.ActiveCfg = Release|Any CPU
		{BD02A028-1F80-45F1-9231-26F58B88899A}.Release|x64.Build.0 = Release|Any CPU
		{BD02A028-1F80-45F1-9231-26F58B88899A}.Release|x86.ActiveCfg = Release|Any CPU
		{BD02A028-1F80-45F1-9231-26F58B88899A}.Release|x86.Build.0 = Release|Any CPU
	EndGlobalSection
	GlobalSection(SolutionProperties) = preSolution
		HideSolutionNode = FALSE
	EndGlobalSection
	GlobalSection(NestedProjects) = preSolution
		{CF1631DE-9565-4E5E-BAD8-A892B3DCF4EC} = {827E0CD3-B72D-47B6-A68D-7590B98EB39B}
		{BD02A028-1F80-45F1-9231-26F58B88899A} = {0AB3BF05-4346-4AA6-1389-037BE0695223}
	EndGlobalSection
EndGlobal
